{
  "name": "daoshi-zanmei",
  "version": "1.0.0",
  "lockfileVersion": 1,
  "requires": true,
  "dependencies": {
    "@alvarocastro/quicksort": {
      "version": "1.0.3",
      "resolved": "https://registry.npmjs.org/@alvarocastro/quicksort/-/quicksort-1.0.3.tgz",
      "integrity": "sha512-MRnonGoh/5g+dHs/0hF+GDvmhtX+7+oPYSVafYh1WVjeDaP/ijaDwR8nmm+VhyTw7DK+OHq73HVVeqLPkTacKg=="
    }
  }
}
